
Microsoft Visual Studio Solution File, Format Version 12.00
# Visual Studio Version 17
VisualStudioVersion = 17.10.34928.147
MinimumVisualStudioVersion = 10.0.40219.1
Project("{FAE04EC0-301F-11D3-BF4B-00C04F79EFBC}") = "BalaxyLibrary", "BalaxyLibrary\BalaxyLibrary.csproj", "{AAE08A0C-805B-409C-A9E7-3EC0088AC824}"
EndProject
Project("{FAE04EC0-301F-11D3-BF4B-00C04F79EFBC}") = "IDeviceFactory", "IDeviceFactory\IDeviceFactory.csproj", "{F9218B26-73EB-4D4E-A66D-CE55E0B687AB}"
EndProject
Project("{FAE04EC0-301F-11D3-BF4B-00C04F79EFBC}") = "IProneLibrary", "IProneLibrary\IProneLibrary.csproj", "{65151198-A61E-4EF9-AD3E-B10381C81105}"
EndProject
Project("{FAE04EC0-301F-11D3-BF4B-00C04F79EFBC}") = "KiaomiLibrary", "KiaomiLibrary\KiaomiLibrary.csproj", "{DA0F73C1-B0E4-43C7-B93F-70C5CBEEA11E}"
EndProject
Project("{FAE04EC0-301F-11D3-BF4B-00C04F79EFBC}") = "Program", "Program\Program.csproj", "{28E2DC26-0AEE-416E-AF3E-E8FDF43DD848}"
EndProject
Global
	GlobalSection(SolutionConfigurationPlatforms) = preSolution
		Debug|Any CPU = Debug|Any CPU
		Release|Any CPU = Release|Any CPU
	EndGlobalSection
	GlobalSection(ProjectConfigurationPlatforms) = postSolution
		{AAE08A0C-805B-409C-A9E7-3EC0088AC824}.Debug|Any CPU.ActiveCfg = Debug|Any CPU
		{AAE08A0C-805B-409C-A9E7-3EC0088AC824}.Debug|Any CPU.Build.0 = Debug|Any CPU
		{AAE08A0C-805B-409C-A9E7-3EC0088AC824}.Release|Any CPU.ActiveCfg = Release|Any CPU
		{AAE08A0C-805B-409C-A9E7-3EC0088AC824}.Release|Any CPU.Build.0 = Release|Any CPU
		{F9218B26-73EB-4D4E-A66D-CE55E0B687AB}.Debug|Any CPU.ActiveCfg = Debug|Any CPU
		{F9218B26-73EB-4D4E-A66D-CE55E0B687AB}.Debug|Any CPU.Build.0 = Debug|Any CPU
		{F9218B26-73EB-4D4E-A66D-CE55E0B687AB}.Release|Any CPU.ActiveCfg = Release|Any CPU
		{F9218B26-73EB-4D4E-A66D-CE55E0B687AB}.Release|Any CPU.Build.0 = Release|Any CPU
		{65151198-A61E-4EF9-AD3E-B10381C81105}.Debug|Any CPU.ActiveCfg = Debug|Any CPU
		{65151198-A61E-4EF9-AD3E-B10381C81105}.Debug|Any CPU.Build.0 = Debug|Any CPU
		{65151198-A61E-4EF9-AD3E-B10381C81105}.Release|Any CPU.ActiveCfg = Release|Any CPU
		{65151198-A61E-4EF9-AD3E-B10381C81105}.Release|Any CPU.Build.0 = Release|Any CPU
		{DA0F73C1-B0E4-43C7-B93F-70C5CBEEA11E}.Debug|Any CPU.ActiveCfg = Debug|Any CPU
		{DA0F73C1-B0E4-43C7-B93F-70C5CBEEA11E}.Debug|Any CPU.Build.0 = Debug|Any CPU
		{DA0F73C1-B0E4-43C7-B93F-70C5CBEEA11E}.Release|Any CPU.ActiveCfg = Release|Any CPU
		{DA0F73C1-B0E4-43C7-B93F-70C5CBEEA11E}.Release|Any CPU.Build.0 = Release|Any CPU
		{28E2DC26-0AEE-416E-AF3E-E8FDF43DD848}.Debug|Any CPU.ActiveCfg = Debug|Any CPU
		{28E2DC26-0AEE-416E-AF3E-E8FDF43DD848}.Debug|Any CPU.Build.0 = Debug|Any CPU
		{28E2DC26-0AEE-416E-AF3E-E8FDF43DD848}.Release|Any CPU.ActiveCfg = Release|Any CPU
		{28E2DC26-0AEE-416E-AF3E-E8FDF43DD848}.Release|Any CPU.Build.0 = Release|Any CPU
	EndGlobalSection
	GlobalSection(SolutionProperties) = preSolution
		HideSolutionNode = FALSE
	EndGlobalSection
	GlobalSection(ExtensibilityGlobals) = postSolution
		SolutionGuid = {1CC99CBB-B420-49DE-8425-C6B16B273312}
	EndGlobalSection
EndGlobal
