
Microsoft Visual Studio Solution File, Format Version 12.00
# Visual Studio Version 17
VisualStudioVersion = 17.10.34928.147
MinimumVisualStudioVersion = 10.0.40219.1
Project("{FAE04EC0-301F-11D3-BF4B-00C04F79EFBC}") = "Fabric_method_Library", "Fabric_method Library\Fabric_method_Library.csproj", "{C86A164C-C5AE-4D16-A956-45BA6A5683B1}"
EndProject
Project("{FAE04EC0-301F-11D3-BF4B-00C04F79EFBC}") = "Program", "Program\Program.csproj", "{C97B4FCE-EAD7-480A-9A40-444AC62A4BE6}"
EndProject
Global
	GlobalSection(SolutionConfigurationPlatforms) = preSolution
		Debug|Any CPU = Debug|Any CPU
		Release|Any CPU = Release|Any CPU
	EndGlobalSection
	GlobalSection(ProjectConfigurationPlatforms) = postSolution
		{C86A164C-C5AE-4D16-A956-45BA6A5683B1}.Debug|Any CPU.ActiveCfg = Debug|Any CPU
		{C86A164C-C5AE-4D16-A956-45BA6A5683B1}.Debug|Any CPU.Build.0 = Debug|Any CPU
		{C86A164C-C5AE-4D16-A956-45BA6A5683B1}.Release|Any CPU.ActiveCfg = Release|Any CPU
		{C86A164C-C5AE-4D16-A956-45BA6A5683B1}.Release|Any CPU.Build.0 = Release|Any CPU
		{C97B4FCE-EAD7-480A-9A40-444AC62A4BE6}.Debug|Any CPU.ActiveCfg = Debug|Any CPU
		{C97B4FCE-EAD7-480A-9A40-444AC62A4BE6}.Debug|Any CPU.Build.0 = Debug|Any CPU
		{C97B4FCE-EAD7-480A-9A40-444AC62A4BE6}.Release|Any CPU.ActiveCfg = Release|Any CPU
		{C97B4FCE-EAD7-480A-9A40-444AC62A4BE6}.Release|Any CPU.Build.0 = Release|Any CPU
	EndGlobalSection
	GlobalSection(SolutionProperties) = preSolution
		HideSolutionNode = FALSE
	EndGlobalSection
	GlobalSection(ExtensibilityGlobals) = postSolution
		SolutionGuid = {F308CC69-4A35-4C0A-8D78-2FB3DD06940B}
	EndGlobalSection
EndGlobal
